
Microsoft Visual Studio Solution File, Format Version 12.00
# Visual Studio Version 17
VisualStudioVersion = 17.7.34202.233
MinimumVisualStudioVersion = 10.0.40219.1
Project("{8BC9CEB8-8B4A-11D0-8D11-00A0C91BC942}") = "list模拟实现", "list模拟实现\list模拟实现.vcxproj", "{4471C846-89E5-4B05-8021-6F73AE6FC19F}"
EndProject
Global
	GlobalSection(SolutionConfigurationPlatforms) = preSolution
		Debug|x64 = Debug|x64
		Debug|x86 = Debug|x86
		Release|x64 = Release|x64
		Release|x86 = Release|x86
	EndGlobalSection
	GlobalSection(ProjectConfigurationPlatforms) = postSolution
		{4471C846-89E5-4B05-8021-6F73AE6FC19F}.Debug|x64.ActiveCfg = Debug|x64
		{4471C846-89E5-4B05-8021-6F73AE6FC19F}.Debug|x64.Build.0 = Debug|x64
		{4471C846-89E5-4B05-8021-6F73AE6FC19F}.Debug|x86.ActiveCfg = Debug|Win32
		{4471C846-89E5-4B05-8021-6F73AE6FC19F}.Debug|x86.Build.0 = Debug|Win32
		{4471C846-89E5-4B05-8021-6F73AE6FC19F}.Release|x64.ActiveCfg = Release|x64
		{4471C846-89E5-4B05-8021-6F73AE6FC19F}.Release|x64.Build.0 = Release|x64
		{4471C846-89E5-4B05-8021-6F73AE6FC19F}.Release|x86.ActiveCfg = Release|Win32
		{4471C846-89E5-4B05-8021-6F73AE6FC19F}.Release|x86.Build.0 = Release|Win32
	EndGlobalSection
	GlobalSection(SolutionProperties) = preSolution
		HideSolutionNode = FALSE
	EndGlobalSection
	GlobalSection(ExtensibilityGlobals) = postSolution
		SolutionGuid = {7DD0D32C-144C-4DD7-B25B-D24D03FC02EB}
	EndGlobalSection
EndGlobal
