
Microsoft Visual Studio Solution File, Format Version 12.00
# Visual Studio Version 17
VisualStudioVersion = 17.7.34202.233
MinimumVisualStudioVersion = 10.0.40219.1
Project("{8BC9CEB8-8B4A-11D0-8D11-00A0C91BC942}") = "saolei_game", "saolei_game\saolei_game.vcxproj", "{F38775BC-8D58-4CB8-B2C8-1F530384F57F}"
EndProject
Global
	GlobalSection(SolutionConfigurationPlatforms) = preSolution
		Debug|x64 = Debug|x64
		Debug|x86 = Debug|x86
		Release|x64 = Release|x64
		Release|x86 = Release|x86
	EndGlobalSection
	GlobalSection(ProjectConfigurationPlatforms) = postSolution
		{F38775BC-8D58-4CB8-B2C8-1F530384F57F}.Debug|x64.ActiveCfg = Debug|x64
		{F38775BC-8D58-4CB8-B2C8-1F530384F57F}.Debug|x64.Build.0 = Debug|x64
		{F38775BC-8D58-4CB8-B2C8-1F530384F57F}.Debug|x86.ActiveCfg = Debug|Win32
		{F38775BC-8D58-4CB8-B2C8-1F530384F57F}.Debug|x86.Build.0 = Debug|Win32
		{F38775BC-8D58-4CB8-B2C8-1F530384F57F}.Release|x64.ActiveCfg = Release|x64
		{F38775BC-8D58-4CB8-B2C8-1F530384F57F}.Release|x64.Build.0 = Release|x64
		{F38775BC-8D58-4CB8-B2C8-1F530384F57F}.Release|x86.ActiveCfg = Release|Win32
		{F38775BC-8D58-4CB8-B2C8-1F530384F57F}.Release|x86.Build.0 = Release|Win32
	EndGlobalSection
	GlobalSection(SolutionProperties) = preSolution
		HideSolutionNode = FALSE
	EndGlobalSection
	GlobalSection(ExtensibilityGlobals) = postSolution
		SolutionGuid = {2D6DFFE8-6360-4D3E-9F39-CD61B23CF3EA}
	EndGlobalSection
EndGlobal
